
Microsoft Visual Studio Solution File, Format Version 12.00
# Visual Studio Version 16
VisualStudioVersion = 16.0.31019.35
MinimumVisualStudioVersion = 10.0.40219.1
Project("{9A19103F-16F7-4668-BE54-9A1E7A4F7556}") = "Hydriot.Web", "Hydriot.Web\Hydriot.Web.csproj", "{EDC75A86-AC58-4A85-9ECF-C22693986715}"
EndProject
Global
	GlobalSection(SolutionConfigurationPlatforms) = preSolution
		Debug|Any CPU = Debug|Any CPU
		Release|Any CPU = Release|Any CPU
	EndGlobalSection
	GlobalSection(ProjectConfigurationPlatforms) = postSolution
		{EDC75A86-AC58-4A85-9ECF-C22693986715}.Debug|Any CPU.ActiveCfg = Debug|Any CPU
		{EDC75A86-AC58-4A85-9ECF-C22693986715}.Debug|Any CPU.Build.0 = Debug|Any CPU
		{EDC75A86-AC58-4A85-9ECF-C22693986715}.Release|Any CPU.ActiveCfg = Release|Any CPU
		{EDC75A86-AC58-4A85-9ECF-C22693986715}.Release|Any CPU.Build.0 = Release|Any CPU
	EndGlobalSection
	GlobalSection(SolutionProperties) = preSolution
		HideSolutionNode = FALSE
	EndGlobalSection
	GlobalSection(ExtensibilityGlobals) = postSolution
		SolutionGuid = {E08E88E8-5C43-4D4E-9867-8D0251B0A3FC}
	EndGlobalSection
EndGlobal
